
Microsoft Visual Studio Solution File, Format Version 12.00
# Visual Studio Version 17
VisualStudioVersion = 17.4.33213.308
MinimumVisualStudioVersion = 10.0.40219.1
Project("{FAE04EC0-301F-11D3-BF4B-00C04F79EFBC}") = "Pixtack3rd", "Pixtack3rd\Pixtack3rd.csproj", "{87B9365A-2003-401B-A646-9BD7C8B8E0F0}"
EndProject
Global
	GlobalSection(SolutionConfigurationPlatforms) = preSolution
		Debug|Any CPU = Debug|Any CPU
		Release|Any CPU = Release|Any CPU
	EndGlobalSection
	GlobalSection(ProjectConfigurationPlatforms) = postSolution
		{87B9365A-2003-401B-A646-9BD7C8B8E0F0}.Debug|Any CPU.ActiveCfg = Debug|Any CPU
		{87B9365A-2003-401B-A646-9BD7C8B8E0F0}.Debug|Any CPU.Build.0 = Debug|Any CPU
		{87B9365A-2003-401B-A646-9BD7C8B8E0F0}.Release|Any CPU.ActiveCfg = Release|Any CPU
		{87B9365A-2003-401B-A646-9BD7C8B8E0F0}.Release|Any CPU.Build.0 = Release|Any CPU
	EndGlobalSection
	GlobalSection(SolutionProperties) = preSolution
		HideSolutionNode = FALSE
	EndGlobalSection
	GlobalSection(ExtensibilityGlobals) = postSolution
		SolutionGuid = {72A808E7-0870-4CCA-AD3F-DB35BBBA773A}
	EndGlobalSection
EndGlobal
